// !$*UTF8*$!
{
	archiveVersion = 1;
	classes = {
	};
	objectVersion = 56;
	objects = {

/* Begin PBXBuildFile section */
		CF22F0D729C39A600043D0DA /* perspective.cpp in Sources */ = {isa = PBXBuildFile; fileRef = CF22F0D529C39A600043D0DA /* perspective.cpp */; };
		CF22F0DB29C39AA10043D0DA /* ImagePPM.cpp in Sources */ = {isa = PBXBuildFile; fileRef = CF22F0D929C39AA10043D0DA /* ImagePPM.cpp */; };
		CF22F0E629C39C200043D0DA /* mesh.cpp in Sources */ = {isa = PBXBuildFile; fileRef = CF22F0E429C39C200043D0DA /* mesh.cpp */; };
		CF22F0EB29C39C7A0043D0DA /* Phong.cpp in Sources */ = {isa = PBXBuildFile; fileRef = CF22F0E929C39C7A0043D0DA /* Phong.cpp */; };
		CF22F0F529C39D4A0043D0DA /* StandardRenderer.cpp in Sources */ = {isa = PBXBuildFile; fileRef = CF22F0F329C39D4A0043D0DA /* StandardRenderer.cpp */; };
		CF22F0FA29C39D8C0043D0DA /* scene.cpp in Sources */ = {isa = PBXBuildFile; fileRef = CF22F0F829C39D8C0043D0DA /* scene.cpp */; };
		CF22F0FC29C39DC20043D0DA /* loader_example.cc in Sources */ = {isa = PBXBuildFile; fileRef = CF22F0FB29C39DC20043D0DA /* loader_example.cc */; };
		CF22F10129C39EAE0043D0DA /* AmbientShader.cpp in Sources */ = {isa = PBXBuildFile; fileRef = CF22F0FF29C39EAE0043D0DA /* AmbientShader.cpp */; };
		CF22F10529C39FB80043D0DA /* AABB.cpp in Sources */ = {isa = PBXBuildFile; fileRef = CF22F10429C39FB80043D0DA /* AABB.cpp */; };
		CF22F10B29C3A0380043D0DA /* main.cpp in Sources */ = {isa = PBXBuildFile; fileRef = CF22F10A29C3A0380043D0DA /* main.cpp */; };
/* End PBXBuildFile section */

/* Begin PBXCopyFilesBuildPhase section */
		629C9458298813610012DB2A /* CopyFiles */ = {
			isa = PBXCopyFilesBuildPhase;
			buildActionMask = 2147483647;
			dstPath = /usr/share/man/man1/;
			dstSubfolderSpec = 0;
			files = (
			);
			runOnlyForDeploymentPostprocessing = 1;
		};
/* End PBXCopyFilesBuildPhase section */

/* Begin PBXFileReference section */
		629C945A298813610012DB2A /* VI-RT */ = {isa = PBXFileReference; explicitFileType = "compiled.mach-o.executable"; includeInIndex = 0; path = "VI-RT"; sourceTree = BUILT_PRODUCTS_DIR; };
		CF22F0D129C399DD0043D0DA /* AccelStruct.hpp */ = {isa = PBXFileReference; lastKnownFileType = sourcecode.cpp.h; path = AccelStruct.hpp; sourceTree = "<group>"; };
		CF22F0D429C39A1D0043D0DA /* camera.hpp */ = {isa = PBXFileReference; lastKnownFileType = sourcecode.cpp.h; path = camera.hpp; sourceTree = "<group>"; };
		CF22F0D529C39A600043D0DA /* perspective.cpp */ = {isa = PBXFileReference; lastKnownFileType = sourcecode.cpp.cpp; path = perspective.cpp; sourceTree = "<group>"; };
		CF22F0D629C39A600043D0DA /* perspective.hpp */ = {isa = PBXFileReference; lastKnownFileType = sourcecode.cpp.h; path = perspective.hpp; sourceTree = "<group>"; };
		CF22F0D929C39AA10043D0DA /* ImagePPM.cpp */ = {isa = PBXFileReference; lastKnownFileType = sourcecode.cpp.cpp; path = ImagePPM.cpp; sourceTree = "<group>"; };
		CF22F0DA29C39AA10043D0DA /* ImagePPM.hpp */ = {isa = PBXFileReference; lastKnownFileType = sourcecode.cpp.h; path = ImagePPM.hpp; sourceTree = "<group>"; };
		CF22F0DC29C39AD50043D0DA /* image.hpp */ = {isa = PBXFileReference; lastKnownFileType = sourcecode.cpp.h; path = image.hpp; sourceTree = "<group>"; };
		CF22F0DE29C39B360043D0DA /* light.hpp */ = {isa = PBXFileReference; lastKnownFileType = sourcecode.cpp.h; path = light.hpp; sourceTree = "<group>"; };
		CF22F0DF29C39B660043D0DA /* AmbientLight.hpp */ = {isa = PBXFileReference; lastKnownFileType = sourcecode.cpp.h; path = AmbientLight.hpp; sourceTree = "<group>"; };
		CF22F0E129C39BE70043D0DA /* primitive.hpp */ = {isa = PBXFileReference; lastKnownFileType = sourcecode.cpp.h; path = primitive.hpp; sourceTree = "<group>"; };
		CF22F0E229C39BFA0043D0DA /* BB.hpp */ = {isa = PBXFileReference; lastKnownFileType = sourcecode.cpp.h; path = BB.hpp; sourceTree = "<group>"; };
		CF22F0E429C39C200043D0DA /* mesh.cpp */ = {isa = PBXFileReference; lastKnownFileType = sourcecode.cpp.cpp; path = mesh.cpp; sourceTree = "<group>"; };
		CF22F0E529C39C200043D0DA /* mesh.hpp */ = {isa = PBXFileReference; lastKnownFileType = sourcecode.cpp.h; path = mesh.hpp; sourceTree = "<group>"; };
		CF22F0E729C39C490043D0DA /* geometry.hpp */ = {isa = PBXFileReference; lastKnownFileType = sourcecode.cpp.h; path = geometry.hpp; sourceTree = "<group>"; };
		CF22F0E929C39C7A0043D0DA /* Phong.cpp */ = {isa = PBXFileReference; lastKnownFileType = sourcecode.cpp.cpp; path = Phong.cpp; sourceTree = "<group>"; };
		CF22F0EA29C39C7A0043D0DA /* Phong.hpp */ = {isa = PBXFileReference; lastKnownFileType = sourcecode.cpp.h; path = Phong.hpp; sourceTree = "<group>"; };
		CF22F0EE29C39CB30043D0DA /* BRDF.hpp */ = {isa = PBXFileReference; lastKnownFileType = sourcecode.cpp.h; path = BRDF.hpp; sourceTree = "<group>"; };
		CF22F0F029C39D180043D0DA /* ray.hpp */ = {isa = PBXFileReference; lastKnownFileType = sourcecode.cpp.h; path = ray.hpp; sourceTree = "<group>"; };
		CF22F0F129C39D2C0043D0DA /* intersection.hpp */ = {isa = PBXFileReference; lastKnownFileType = sourcecode.cpp.h; path = intersection.hpp; sourceTree = "<group>"; };
		CF22F0F329C39D4A0043D0DA /* StandardRenderer.cpp */ = {isa = PBXFileReference; lastKnownFileType = sourcecode.cpp.cpp; path = StandardRenderer.cpp; sourceTree = "<group>"; };
		CF22F0F429C39D4A0043D0DA /* StandardRenderer.hpp */ = {isa = PBXFileReference; lastKnownFileType = sourcecode.cpp.h; path = StandardRenderer.hpp; sourceTree = "<group>"; };
		CF22F0F629C39D6C0043D0DA /* renderer.hpp */ = {isa = PBXFileReference; lastKnownFileType = sourcecode.cpp.h; path = renderer.hpp; sourceTree = "<group>"; };
		CF22F0F829C39D8C0043D0DA /* scene.cpp */ = {isa = PBXFileReference; lastKnownFileType = sourcecode.cpp.cpp; path = scene.cpp; sourceTree = "<group>"; };
		CF22F0F929C39D8C0043D0DA /* scene.hpp */ = {isa = PBXFileReference; lastKnownFileType = sourcecode.cpp.h; path = scene.hpp; sourceTree = "<group>"; };
		CF22F0FB29C39DC20043D0DA /* loader_example.cc */ = {isa = PBXFileReference; lastKnownFileType = sourcecode.cpp.cpp; path = loader_example.cc; sourceTree = "<group>"; };
		CF22F0FD29C39E470043D0DA /* tinyobjloader */ = {isa = PBXFileReference; lastKnownFileType = folder; path = tinyobjloader; sourceTree = "<group>"; };
		CF22F0FF29C39EAE0043D0DA /* AmbientShader.cpp */ = {isa = PBXFileReference; lastKnownFileType = sourcecode.cpp.cpp; path = AmbientShader.cpp; sourceTree = "<group>"; };
		CF22F10029C39EAE0043D0DA /* AmbientShader.hpp */ = {isa = PBXFileReference; lastKnownFileType = sourcecode.cpp.h; path = AmbientShader.hpp; sourceTree = "<group>"; };
		CF22F10229C39F4E0043D0DA /* shader.hpp */ = {isa = PBXFileReference; lastKnownFileType = sourcecode.cpp.h; path = shader.hpp; sourceTree = "<group>"; };
		CF22F10429C39FB80043D0DA /* AABB.cpp */ = {isa = PBXFileReference; lastKnownFileType = sourcecode.cpp.cpp; path = AABB.cpp; sourceTree = "<group>"; };
		CF22F10629C39FCF0043D0DA /* AABB.hpp */ = {isa = PBXFileReference; lastKnownFileType = sourcecode.cpp.h; path = AABB.hpp; sourceTree = "<group>"; };
		CF22F10729C3A0080043D0DA /* RGB.hpp */ = {isa = PBXFileReference; lastKnownFileType = sourcecode.cpp.h; path = RGB.hpp; sourceTree = "<group>"; };
		CF22F10929C3A0210043D0DA /* vector.hpp */ = {isa = PBXFileReference; lastKnownFileType = sourcecode.cpp.h; path = vector.hpp; sourceTree = "<group>"; };
		CF22F10A29C3A0380043D0DA /* main.cpp */ = {isa = PBXFileReference; lastKnownFileType = sourcecode.cpp.cpp; path = main.cpp; sourceTree = "<group>"; };
/* End PBXFileReference section */

/* Begin PBXFrameworksBuildPhase section */
		629C9457298813610012DB2A /* Frameworks */ = {
			isa = PBXFrameworksBuildPhase;
			buildActionMask = 2147483647;
			files = (
			);
			runOnlyForDeploymentPostprocessing = 0;
		};
/* End PBXFrameworksBuildPhase section */

/* Begin PBXGroup section */
		629C9451298813600012DB2A = {
			isa = PBXGroup;
			children = (
				629C945C298813610012DB2A /* VI-RT */,
				629C945B298813610012DB2A /* Products */,
			);
			sourceTree = "<group>";
		};
		629C945B298813610012DB2A /* Products */ = {
			isa = PBXGroup;
			children = (
				629C945A298813610012DB2A /* VI-RT */,
			);
			name = Products;
			sourceTree = "<group>";
		};
		629C945C298813610012DB2A /* VI-RT */ = {
			isa = PBXGroup;
			children = (
				CF22F0CD29C399590043D0DA /* src */,
			);
			path = "VI-RT";
			sourceTree = "<group>";
		};
		CF22F0CD29C399590043D0DA /* src */ = {
			isa = PBXGroup;
			children = (
				CF22F10329C39F9F0043D0DA /* utils */,
				CF22F0FE29C39E960043D0DA /* Shader */,
				CF22F0F729C39D800043D0DA /* Scene */,
				CF22F0F229C39D390043D0DA /* Renderer */,
				CF22F0EF29C39D040043D0DA /* Rays */,
				CF22F0E029C39BD70043D0DA /* Primitive */,
				CF22F0DD29C39B120043D0DA /* Light */,
				CF22F0D829C39A910043D0DA /* Image */,
				CF22F0D329C39A000043D0DA /* Camera */,
				CF22F0CE29C399740043D0DA /* 3DSortingStruct */,
				CF22F10A29C3A0380043D0DA /* main.cpp */,
			);
			path = src;
			sourceTree = "<group>";
		};
		CF22F0CE29C399740043D0DA /* 3DSortingStruct */ = {
			isa = PBXGroup;
			children = (
				CF22F0D129C399DD0043D0DA /* AccelStruct.hpp */,
			);
			path = 3DSortingStruct;
			sourceTree = "<group>";
		};
		CF22F0D329C39A000043D0DA /* Camera */ = {
			isa = PBXGroup;
			children = (
				CF22F0D429C39A1D0043D0DA /* camera.hpp */,
				CF22F0D529C39A600043D0DA /* perspective.cpp */,
				CF22F0D629C39A600043D0DA /* perspective.hpp */,
			);
			path = Camera;
			sourceTree = "<group>";
		};
		CF22F0D829C39A910043D0DA /* Image */ = {
			isa = PBXGroup;
			children = (
				CF22F0D929C39AA10043D0DA /* ImagePPM.cpp */,
				CF22F0DA29C39AA10043D0DA /* ImagePPM.hpp */,
				CF22F0DC29C39AD50043D0DA /* image.hpp */,
			);
			path = Image;
			sourceTree = "<group>";
		};
		CF22F0DD29C39B120043D0DA /* Light */ = {
			isa = PBXGroup;
			children = (
				CF22F0DE29C39B360043D0DA /* light.hpp */,
				CF22F0DF29C39B660043D0DA /* AmbientLight.hpp */,
			);
			path = Light;
			sourceTree = "<group>";
		};
		CF22F0E029C39BD70043D0DA /* Primitive */ = {
			isa = PBXGroup;
			children = (
				CF22F0E829C39C690043D0DA /* BRDF */,
				CF22F0E329C39C0C0043D0DA /* Geometry */,
				CF22F0E129C39BE70043D0DA /* primitive.hpp */,
				CF22F0E229C39BFA0043D0DA /* BB.hpp */,
			);
			path = Primitive;
			sourceTree = "<group>";
		};
		CF22F0E329C39C0C0043D0DA /* Geometry */ = {
			isa = PBXGroup;
			children = (
				CF22F0E429C39C200043D0DA /* mesh.cpp */,
				CF22F0E529C39C200043D0DA /* mesh.hpp */,
				CF22F0E729C39C490043D0DA /* geometry.hpp */,
			);
			path = Geometry;
			sourceTree = "<group>";
		};
		CF22F0E829C39C690043D0DA /* BRDF */ = {
			isa = PBXGroup;
			children = (
				CF22F0E929C39C7A0043D0DA /* Phong.cpp */,
				CF22F0EA29C39C7A0043D0DA /* Phong.hpp */,
				CF22F0EE29C39CB30043D0DA /* BRDF.hpp */,
			);
			path = BRDF;
			sourceTree = "<group>";
		};
		CF22F0EF29C39D040043D0DA /* Rays */ = {
			isa = PBXGroup;
			children = (
				CF22F0F029C39D180043D0DA /* ray.hpp */,
				CF22F0F129C39D2C0043D0DA /* intersection.hpp */,
			);
			path = Rays;
			sourceTree = "<group>";
		};
		CF22F0F229C39D390043D0DA /* Renderer */ = {
			isa = PBXGroup;
			children = (
				CF22F0F329C39D4A0043D0DA /* StandardRenderer.cpp */,
				CF22F0F429C39D4A0043D0DA /* StandardRenderer.hpp */,
				CF22F0F629C39D6C0043D0DA /* renderer.hpp */,
			);
			path = Renderer;
			sourceTree = "<group>";
		};
		CF22F0F729C39D800043D0DA /* Scene */ = {
			isa = PBXGroup;
			children = (
				CF22F0FD29C39E470043D0DA /* tinyobjloader */,
				CF22F0F829C39D8C0043D0DA /* scene.cpp */,
				CF22F0F929C39D8C0043D0DA /* scene.hpp */,
				CF22F0FB29C39DC20043D0DA /* loader_example.cc */,
			);
			path = Scene;
			sourceTree = "<group>";
		};
		CF22F0FE29C39E960043D0DA /* Shader */ = {
			isa = PBXGroup;
			children = (
				CF22F0FF29C39EAE0043D0DA /* AmbientShader.cpp */,
				CF22F10029C39EAE0043D0DA /* AmbientShader.hpp */,
				CF22F10229C39F4E0043D0DA /* shader.hpp */,
			);
			path = Shader;
			sourceTree = "<group>";
		};
		CF22F10329C39F9F0043D0DA /* utils */ = {
			isa = PBXGroup;
			children = (
				CF22F10429C39FB80043D0DA /* AABB.cpp */,
				CF22F10629C39FCF0043D0DA /* AABB.hpp */,
				CF22F10729C3A0080043D0DA /* RGB.hpp */,
				CF22F10929C3A0210043D0DA /* vector.hpp */,
			);
			path = utils;
			sourceTree = "<group>";
		};
/* End PBXGroup section */

/* Begin PBXNativeTarget section */
		629C9459298813610012DB2A /* VI-RT */ = {
			isa = PBXNativeTarget;
			buildConfigurationList = 629C9461298813610012DB2A /* Build configuration list for PBXNativeTarget "VI-RT" */;
			buildPhases = (
				629C9456298813610012DB2A /* Sources */,
				629C9457298813610012DB2A /* Frameworks */,
				629C9458298813610012DB2A /* CopyFiles */,
			);
			buildRules = (
			);
			dependencies = (
			);
			name = "VI-RT";
			productName = "VI-RT";
			productReference = 629C945A298813610012DB2A /* VI-RT */;
			productType = "com.apple.product-type.tool";
		};
/* End PBXNativeTarget section */

/* Begin PBXProject section */
		629C9452298813600012DB2A /* Project object */ = {
			isa = PBXProject;
			attributes = {
				BuildIndependentTargetsInParallel = 1;
				LastUpgradeCheck = 1420;
				TargetAttributes = {
					629C9459298813610012DB2A = {
						CreatedOnToolsVersion = 14.2;
					};
				};
			};
			buildConfigurationList = 629C9455298813600012DB2A /* Build configuration list for PBXProject "VI-RT" */;
			compatibilityVersion = "Xcode 14.0";
			developmentRegion = en;
			hasScannedForEncodings = 0;
			knownRegions = (
				en,
				Base,
			);
			mainGroup = 629C9451298813600012DB2A;
			productRefGroup = 629C945B298813610012DB2A /* Products */;
			projectDirPath = "";
			projectRoot = "";
			targets = (
				629C9459298813610012DB2A /* VI-RT */,
			);
		};
/* End PBXProject section */

/* Begin PBXSourcesBuildPhase section */
		629C9456298813610012DB2A /* Sources */ = {
			isa = PBXSourcesBuildPhase;
			buildActionMask = 2147483647;
			files = (
				CF22F10529C39FB80043D0DA /* AABB.cpp in Sources */,
				CF22F0D729C39A600043D0DA /* perspective.cpp in Sources */,
				CF22F10129C39EAE0043D0DA /* AmbientShader.cpp in Sources */,
				CF22F0DB29C39AA10043D0DA /* ImagePPM.cpp in Sources */,
				CF22F0F529C39D4A0043D0DA /* StandardRenderer.cpp in Sources */,
				CF22F0EB29C39C7A0043D0DA /* Phong.cpp in Sources */,
				CF22F0FA29C39D8C0043D0DA /* scene.cpp in Sources */,
				CF22F0E629C39C200043D0DA /* mesh.cpp in Sources */,
				CF22F10B29C3A0380043D0DA /* main.cpp in Sources */,
				CF22F0FC29C39DC20043D0DA /* loader_example.cc in Sources */,
			);
			runOnlyForDeploymentPostprocessing = 0;
		};
/* End PBXSourcesBuildPhase section */

/* Begin XCBuildConfiguration section */
		629C945F298813610012DB2A /* Debug */ = {
			isa = XCBuildConfiguration;
			buildSettings = {
				ALWAYS_SEARCH_USER_PATHS = NO;
				CLANG_ANALYZER_NONNULL = YES;
				CLANG_ANALYZER_NUMBER_OBJECT_CONVERSION = YES_AGGRESSIVE;
				CLANG_CXX_LANGUAGE_STANDARD = "gnu++20";
				CLANG_ENABLE_MODULES = YES;
				CLANG_ENABLE_OBJC_ARC = YES;
				CLANG_ENABLE_OBJC_WEAK = YES;
				CLANG_WARN_BLOCK_CAPTURE_AUTORELEASING = YES;
				CLANG_WARN_BOOL_CONVERSION = YES;
				CLANG_WARN_COMMA = YES;
				CLANG_WARN_CONSTANT_CONVERSION = YES;
				CLANG_WARN_DEPRECATED_OBJC_IMPLEMENTATIONS = YES;
				CLANG_WARN_DIRECT_OBJC_ISA_USAGE = YES_ERROR;
				CLANG_WARN_DOCUMENTATION_COMMENTS = YES;
				CLANG_WARN_EMPTY_BODY = YES;
				CLANG_WARN_ENUM_CONVERSION = YES;
				CLANG_WARN_INFINITE_RECURSION = YES;
				CLANG_WARN_INT_CONVERSION = YES;
				CLANG_WARN_NON_LITERAL_NULL_CONVERSION = YES;
				CLANG_WARN_OBJC_IMPLICIT_RETAIN_SELF = YES;
				CLANG_WARN_OBJC_LITERAL_CONVERSION = YES;
				CLANG_WARN_OBJC_ROOT_CLASS = YES_ERROR;
				CLANG_WARN_QUOTED_INCLUDE_IN_FRAMEWORK_HEADER = YES;
				CLANG_WARN_RANGE_LOOP_ANALYSIS = YES;
				CLANG_WARN_STRICT_PROTOTYPES = YES;
				CLANG_WARN_SUSPICIOUS_MOVE = YES;
				CLANG_WARN_UNGUARDED_AVAILABILITY = YES_AGGRESSIVE;
				CLANG_WARN_UNREACHABLE_CODE = YES;
				CLANG_WARN__DUPLICATE_METHOD_MATCH = YES;
				COPY_PHASE_STRIP = NO;
				DEBUG_INFORMATION_FORMAT = dwarf;
				ENABLE_STRICT_OBJC_MSGSEND = YES;
				ENABLE_TESTABILITY = YES;
				GCC_C_LANGUAGE_STANDARD = gnu11;
				GCC_DYNAMIC_NO_PIC = NO;
				GCC_NO_COMMON_BLOCKS = YES;
				GCC_OPTIMIZATION_LEVEL = 0;
				GCC_PREPROCESSOR_DEFINITIONS = (
					"DEBUG=1",
					"$(inherited)",
				);
				GCC_WARN_64_TO_32_BIT_CONVERSION = YES;
				GCC_WARN_ABOUT_RETURN_TYPE = YES_ERROR;
				GCC_WARN_UNDECLARED_SELECTOR = YES;
				GCC_WARN_UNINITIALIZED_AUTOS = YES_AGGRESSIVE;
				GCC_WARN_UNUSED_FUNCTION = YES;
				GCC_WARN_UNUSED_VARIABLE = YES;
				MACOSX_DEPLOYMENT_TARGET = 12.6;
				MTL_ENABLE_DEBUG_INFO = INCLUDE_SOURCE;
				MTL_FAST_MATH = YES;
				ONLY_ACTIVE_ARCH = NO;
				SDKROOT = macosx;
			};
			name = Debug;
		};
		629C9460298813610012DB2A /* Release */ = {
			isa = XCBuildConfiguration;
			buildSettings = {
				ALWAYS_SEARCH_USER_PATHS = NO;
				CLANG_ANALYZER_NONNULL = YES;
				CLANG_ANALYZER_NUMBER_OBJECT_CONVERSION = YES_AGGRESSIVE;
				CLANG_CXX_LANGUAGE_STANDARD = "gnu++20";
				CLANG_ENABLE_MODULES = YES;
				CLANG_ENABLE_OBJC_ARC = YES;
				CLANG_ENABLE_OBJC_WEAK = YES;
				CLANG_WARN_BLOCK_CAPTURE_AUTORELEASING = YES;
				CLANG_WARN_BOOL_CONVERSION = YES;
				CLANG_WARN_COMMA = YES;
				CLANG_WARN_CONSTANT_CONVERSION = YES;
				CLANG_WARN_DEPRECATED_OBJC_IMPLEMENTATIONS = YES;
				CLANG_WARN_DIRECT_OBJC_ISA_USAGE = YES_ERROR;
				CLANG_WARN_DOCUMENTATION_COMMENTS = YES;
				CLANG_WARN_EMPTY_BODY = YES;
				CLANG_WARN_ENUM_CONVERSION = YES;
				CLANG_WARN_INFINITE_RECURSION = YES;
				CLANG_WARN_INT_CONVERSION = YES;
				CLANG_WARN_NON_LITERAL_NULL_CONVERSION = YES;
				CLANG_WARN_OBJC_IMPLICIT_RETAIN_SELF = YES;
				CLANG_WARN_OBJC_LITERAL_CONVERSION = YES;
				CLANG_WARN_OBJC_ROOT_CLASS = YES_ERROR;
				CLANG_WARN_QUOTED_INCLUDE_IN_FRAMEWORK_HEADER = YES;
				CLANG_WARN_RANGE_LOOP_ANALYSIS = YES;
				CLANG_WARN_STRICT_PROTOTYPES = YES;
				CLANG_WARN_SUSPICIOUS_MOVE = YES;
				CLANG_WARN_UNGUARDED_AVAILABILITY = YES_AGGRESSIVE;
				CLANG_WARN_UNREACHABLE_CODE = YES;
				CLANG_WARN__DUPLICATE_METHOD_MATCH = YES;
				COPY_PHASE_STRIP = NO;
				DEBUG_INFORMATION_FORMAT = "dwarf-with-dsym";
				ENABLE_NS_ASSERTIONS = NO;
				ENABLE_STRICT_OBJC_MSGSEND = YES;
				GCC_C_LANGUAGE_STANDARD = gnu11;
				GCC_NO_COMMON_BLOCKS = YES;
				GCC_WARN_64_TO_32_BIT_CONVERSION = YES;
				GCC_WARN_ABOUT_RETURN_TYPE = YES_ERROR;
				GCC_WARN_UNDECLARED_SELECTOR = YES;
				GCC_WARN_UNINITIALIZED_AUTOS = YES_AGGRESSIVE;
				GCC_WARN_UNUSED_FUNCTION = YES;
				GCC_WARN_UNUSED_VARIABLE = YES;
				MACOSX_DEPLOYMENT_TARGET = 12.6;
				MTL_ENABLE_DEBUG_INFO = NO;
				MTL_FAST_MATH = YES;
				ONLY_ACTIVE_ARCH = YES;
				SDKROOT = macosx;
			};
			name = Release;
		};
		629C9462298813610012DB2A /* Debug */ = {
			isa = XCBuildConfiguration;
			buildSettings = {
				CODE_SIGN_STYLE = Automatic;
				ONLY_ACTIVE_ARCH = NO;
				PRODUCT_NAME = "$(TARGET_NAME)";
			};
			name = Debug;
		};
		629C9463298813610012DB2A /* Release */ = {
			isa = XCBuildConfiguration;
			buildSettings = {
				CODE_SIGN_STYLE = Automatic;
				ONLY_ACTIVE_ARCH = YES;
				PRODUCT_NAME = "$(TARGET_NAME)";
			};
			name = Release;
		};
/* End XCBuildConfiguration section */

/* Begin XCConfigurationList section */
		629C9455298813600012DB2A /* Build configuration list for PBXProject "VI-RT" */ = {
			isa = XCConfigurationList;
			buildConfigurations = (
				629C945F298813610012DB2A /* Debug */,
				629C9460298813610012DB2A /* Release */,
			);
			defaultConfigurationIsVisible = 0;
			defaultConfigurationName = Release;
		};
		629C9461298813610012DB2A /* Build configuration list for PBXNativeTarget "VI-RT" */ = {
			isa = XCConfigurationList;
			buildConfigurations = (
				629C9462298813610012DB2A /* Debug */,
				629C9463298813610012DB2A /* Release */,
			);
			defaultConfigurationIsVisible = 0;
			defaultConfigurationName = Release;
		};
/* End XCConfigurationList section */
	};
	rootObject = 629C9452298813600012DB2A /* Project object */;
}
